// !$*UTF8*$!
{
	archiveVersion = 1;
	classes = {
	};
	objectVersion = 50;
	objects = {

/* Begin PBXBuildFile section */
		287D08E926638D11003269C0 /* AppDelegate.swift in Sources */ = {isa = PBXBuildFile; fileRef = 287D08E826638D11003269C0 /* AppDelegate.swift */; };
		287D08EB26638D11003269C0 /* SceneDelegate.swift in Sources */ = {isa = PBXBuildFile; fileRef = 287D08EA26638D11003269C0 /* SceneDelegate.swift */; };
		287D08ED26638D11003269C0 /* ContentView.swift in Sources */ = {isa = PBXBuildFile; fileRef = 287D08EC26638D11003269C0 /* ContentView.swift */; };
		287D08EF26638D12003269C0 /* Assets.xcassets in Resources */ = {isa = PBXBuildFile; fileRef = 287D08EE26638D12003269C0 /* Assets.xcassets */; };
		287D08F226638D12003269C0 /* Preview Assets.xcassets in Resources */ = {isa = PBXBuildFile; fileRef = 287D08F126638D12003269C0 /* Preview Assets.xcassets */; };
		287D08F526638D12003269C0 /* LaunchScreen.storyboard in Resources */ = {isa = PBXBuildFile; fileRef = 287D08F326638D12003269C0 /* LaunchScreen.storyboard */; };
		287D090026638D12003269C0 /* Multiply_MVVM_Comcine_TestTrainingTests.swift in Sources */ = {isa = PBXBuildFile; fileRef = 287D08FF26638D12003269C0 /* Multiply_MVVM_Comcine_TestTrainingTests.swift */; };
		287D090B26638D12003269C0 /* Multiply_MVVM_Comcine_TestTrainingUITests.swift in Sources */ = {isa = PBXBuildFile; fileRef = 287D090A26638D12003269C0 /* Multiply_MVVM_Comcine_TestTrainingUITests.swift */; };
		287D091C26638D81003269C0 /* CalculateView.swift in Sources */ = {isa = PBXBuildFile; fileRef = 287D091B26638D81003269C0 /* CalculateView.swift */; };
		287D091E26638D98003269C0 /* CalculateViewModel.swift in Sources */ = {isa = PBXBuildFile; fileRef = 287D091D26638D98003269C0 /* CalculateViewModel.swift */; };
		287D092026638DA9003269C0 /* CalculateModel.swift in Sources */ = {isa = PBXBuildFile; fileRef = 287D091F26638DA9003269C0 /* CalculateModel.swift */; };
		287D092226638EBD003269C0 /* MultiplyTest.swift in Sources */ = {isa = PBXBuildFile; fileRef = 287D092126638EBD003269C0 /* MultiplyTest.swift */; };
		287D092426638F39003269C0 /* CustomModifire.swift in Sources */ = {isa = PBXBuildFile; fileRef = 287D092326638F39003269C0 /* CustomModifire.swift */; };
/* End PBXBuildFile section */

/* Begin PBXContainerItemProxy section */
		287D08FC26638D12003269C0 /* PBXContainerItemProxy */ = {
			isa = PBXContainerItemProxy;
			containerPortal = 287D08DD26638D11003269C0 /* Project object */;
			proxyType = 1;
			remoteGlobalIDString = 287D08E426638D11003269C0;
			remoteInfo = "Multiply_MVVM+Comcine+TestTraining";
		};
		287D090726638D12003269C0 /* PBXContainerItemProxy */ = {
			isa = PBXContainerItemProxy;
			containerPortal = 287D08DD26638D11003269C0 /* Project object */;
			proxyType = 1;
			remoteGlobalIDString = 287D08E426638D11003269C0;
			remoteInfo = "Multiply_MVVM+Comcine+TestTraining";
		};
/* End PBXContainerItemProxy section */

/* Begin PBXFileReference section */
		287D08E526638D11003269C0 /* Multiply_MVVM+Comcine+TestTraining.app */ = {isa = PBXFileReference; explicitFileType = wrapper.application; includeInIndex = 0; path = "Multiply_MVVM+Comcine+TestTraining.app"; sourceTree = BUILT_PRODUCTS_DIR; };
		287D08E826638D11003269C0 /* AppDelegate.swift */ = {isa = PBXFileReference; lastKnownFileType = sourcecode.swift; path = AppDelegate.swift; sourceTree = "<group>"; };
		287D08EA26638D11003269C0 /* SceneDelegate.swift */ = {isa = PBXFileReference; lastKnownFileType = sourcecode.swift; path = SceneDelegate.swift; sourceTree = "<group>"; };
		287D08EC26638D11003269C0 /* ContentView.swift */ = {isa = PBXFileReference; lastKnownFileType = sourcecode.swift; path = ContentView.swift; sourceTree = "<group>"; };
		287D08EE26638D12003269C0 /* Assets.xcassets */ = {isa = PBXFileReference; lastKnownFileType = folder.assetcatalog; path = Assets.xcassets; sourceTree = "<group>"; };
		287D08F126638D12003269C0 /* Preview Assets.xcassets */ = {isa = PBXFileReference; lastKnownFileType = folder.assetcatalog; path = "Preview Assets.xcassets"; sourceTree = "<group>"; };
		287D08F426638D12003269C0 /* Base */ = {isa = PBXFileReference; lastKnownFileType = file.storyboard; name = Base; path = Base.lproj/LaunchScreen.storyboard; sourceTree = "<group>"; };
		287D08F626638D12003269C0 /* Info.plist */ = {isa = PBXFileReference; lastKnownFileType = text.plist.xml; path = Info.plist; sourceTree = "<group>"; };
		287D08FB26638D12003269C0 /* Multiply_MVVM+Comcine+TestTrainingTests.xctest */ = {isa = PBXFileReference; explicitFileType = wrapper.cfbundle; includeInIndex = 0; path = "Multiply_MVVM+Comcine+TestTrainingTests.xctest"; sourceTree = BUILT_PRODUCTS_DIR; };
		287D08FF26638D12003269C0 /* Multiply_MVVM_Comcine_TestTrainingTests.swift */ = {isa = PBXFileReference; lastKnownFileType = sourcecode.swift; path = Multiply_MVVM_Comcine_TestTrainingTests.swift; sourceTree = "<group>"; };
		287D090126638D12003269C0 /* Info.plist */ = {isa = PBXFileReference; lastKnownFileType = text.plist.xml; path = Info.plist; sourceTree = "<group>"; };
		287D090626638D12003269C0 /* Multiply_MVVM+Comcine+TestTrainingUITests.xctest */ = {isa = PBXFileReference; explicitFileType = wrapper.cfbundle; includeInIndex = 0; path = "Multiply_MVVM+Comcine+TestTrainingUITests.xctest"; sourceTree = BUILT_PRODUCTS_DIR; };
		287D090A26638D12003269C0 /* Multiply_MVVM_Comcine_TestTrainingUITests.swift */ = {isa = PBXFileReference; lastKnownFileType = sourcecode.swift; path = Multiply_MVVM_Comcine_TestTrainingUITests.swift; sourceTree = "<group>"; };
		287D090C26638D12003269C0 /* Info.plist */ = {isa = PBXFileReference; lastKnownFileType = text.plist.xml; path = Info.plist; sourceTree = "<group>"; };
		287D091B26638D81003269C0 /* CalculateView.swift */ = {isa = PBXFileReference; lastKnownFileType = sourcecode.swift; path = CalculateView.swift; sourceTree = "<group>"; };
		287D091D26638D98003269C0 /* CalculateViewModel.swift */ = {isa = PBXFileReference; lastKnownFileType = sourcecode.swift; path = CalculateViewModel.swift; sourceTree = "<group>"; };
		287D091F26638DA9003269C0 /* CalculateModel.swift */ = {isa = PBXFileReference; lastKnownFileType = sourcecode.swift; path = CalculateModel.swift; sourceTree = "<group>"; };
		287D092126638EBD003269C0 /* MultiplyTest.swift */ = {isa = PBXFileReference; lastKnownFileType = sourcecode.swift; path = MultiplyTest.swift; sourceTree = "<group>"; };
		287D092326638F39003269C0 /* CustomModifire.swift */ = {isa = PBXFileReference; lastKnownFileType = sourcecode.swift; path = CustomModifire.swift; sourceTree = "<group>"; };
/* End PBXFileReference section */

/* Begin PBXFrameworksBuildPhase section */
		287D08E226638D11003269C0 /* Frameworks */ = {
			isa = PBXFrameworksBuildPhase;
			buildActionMask = 2147483647;
			files = (
			);
			runOnlyForDeploymentPostprocessing = 0;
		};
		287D08F826638D12003269C0 /* Frameworks */ = {
			isa = PBXFrameworksBuildPhase;
			buildActionMask = 2147483647;
			files = (
			);
			runOnlyForDeploymentPostprocessing = 0;
		};
		287D090326638D12003269C0 /* Frameworks */ = {
			isa = PBXFrameworksBuildPhase;
			buildActionMask = 2147483647;
			files = (
			);
			runOnlyForDeploymentPostprocessing = 0;
		};
/* End PBXFrameworksBuildPhase section */

/* Begin PBXGroup section */
		287D08DC26638D11003269C0 = {
			isa = PBXGroup;
			children = (
				287D08E726638D11003269C0 /* Multiply_MVVM+Comcine+TestTraining */,
				287D08FE26638D12003269C0 /* Multiply_MVVM+Comcine+TestTrainingTests */,
				287D090926638D12003269C0 /* Multiply_MVVM+Comcine+TestTrainingUITests */,
				287D08E626638D11003269C0 /* Products */,
			);
			sourceTree = "<group>";
		};
		287D08E626638D11003269C0 /* Products */ = {
			isa = PBXGroup;
			children = (
				287D08E526638D11003269C0 /* Multiply_MVVM+Comcine+TestTraining.app */,
				287D08FB26638D12003269C0 /* Multiply_MVVM+Comcine+TestTrainingTests.xctest */,
				287D090626638D12003269C0 /* Multiply_MVVM+Comcine+TestTrainingUITests.xctest */,
			);
			name = Products;
			sourceTree = "<group>";
		};
		287D08E726638D11003269C0 /* Multiply_MVVM+Comcine+TestTraining */ = {
			isa = PBXGroup;
			children = (
				287D08E826638D11003269C0 /* AppDelegate.swift */,
				287D08EA26638D11003269C0 /* SceneDelegate.swift */,
				287D08EC26638D11003269C0 /* ContentView.swift */,
				287D091A26638D69003269C0 /* View */,
				287D091926638D58003269C0 /* ViewModel */,
				287D091826638D4F003269C0 /* Model */,
				287D08EE26638D12003269C0 /* Assets.xcassets */,
				287D08F326638D12003269C0 /* LaunchScreen.storyboard */,
				287D08F626638D12003269C0 /* Info.plist */,
				287D08F026638D12003269C0 /* Preview Content */,
			);
			path = "Multiply_MVVM+Comcine+TestTraining";
			sourceTree = "<group>";
		};
		287D08F026638D12003269C0 /* Preview Content */ = {
			isa = PBXGroup;
			children = (
				287D08F126638D12003269C0 /* Preview Assets.xcassets */,
			);
			path = "Preview Content";
			sourceTree = "<group>";
		};
		287D08FE26638D12003269C0 /* Multiply_MVVM+Comcine+TestTrainingTests */ = {
			isa = PBXGroup;
			children = (
				287D092126638EBD003269C0 /* MultiplyTest.swift */,
				287D08FF26638D12003269C0 /* Multiply_MVVM_Comcine_TestTrainingTests.swift */,
				287D090126638D12003269C0 /* Info.plist */,
			);
			path = "Multiply_MVVM+Comcine+TestTrainingTests";
			sourceTree = "<group>";
		};
		287D090926638D12003269C0 /* Multiply_MVVM+Comcine+TestTrainingUITests */ = {
			isa = PBXGroup;
			children = (
				287D090A26638D12003269C0 /* Multiply_MVVM_Comcine_TestTrainingUITests.swift */,
				287D090C26638D12003269C0 /* Info.plist */,
			);
			path = "Multiply_MVVM+Comcine+TestTrainingUITests";
			sourceTree = "<group>";
		};
		287D091826638D4F003269C0 /* Model */ = {
			isa = PBXGroup;
			children = (
				287D091F26638DA9003269C0 /* CalculateModel.swift */,
			);
			path = Model;
			sourceTree = "<group>";
		};
		287D091926638D58003269C0 /* ViewModel */ = {
			isa = PBXGroup;
			children = (
				287D091D26638D98003269C0 /* CalculateViewModel.swift */,
			);
			path = ViewModel;
			sourceTree = "<group>";
		};
		287D091A26638D69003269C0 /* View */ = {
			isa = PBXGroup;
			children = (
				287D091B26638D81003269C0 /* CalculateView.swift */,
				287D092326638F39003269C0 /* CustomModifire.swift */,
			);
			path = View;
			sourceTree = "<group>";
		};
/* End PBXGroup section */

/* Begin PBXNativeTarget section */
		287D08E426638D11003269C0 /* Multiply_MVVM+Comcine+TestTraining */ = {
			isa = PBXNativeTarget;
			buildConfigurationList = 287D090F26638D12003269C0 /* Build configuration list for PBXNativeTarget "Multiply_MVVM+Comcine+TestTraining" */;
			buildPhases = (
				287D08E126638D11003269C0 /* Sources */,
				287D08E226638D11003269C0 /* Frameworks */,
				287D08E326638D11003269C0 /* Resources */,
			);
			buildRules = (
			);
			dependencies = (
			);
			name = "Multiply_MVVM+Comcine+TestTraining";
			productName = "Multiply_MVVM+Comcine+TestTraining";
			productReference = 287D08E526638D11003269C0 /* Multiply_MVVM+Comcine+TestTraining.app */;
			productType = "com.apple.product-type.application";
		};
		287D08FA26638D12003269C0 /* Multiply_MVVM+Comcine+TestTrainingTests */ = {
			isa = PBXNativeTarget;
			buildConfigurationList = 287D091226638D12003269C0 /* Build configuration list for PBXNativeTarget "Multiply_MVVM+Comcine+TestTrainingTests" */;
			buildPhases = (
				287D08F726638D12003269C0 /* Sources */,
				287D08F826638D12003269C0 /* Frameworks */,
				287D08F926638D12003269C0 /* Resources */,
			);
			buildRules = (
			);
			dependencies = (
				287D08FD26638D12003269C0 /* PBXTargetDependency */,
			);
			name = "Multiply_MVVM+Comcine+TestTrainingTests";
			productName = "Multiply_MVVM+Comcine+TestTrainingTests";
			productReference = 287D08FB26638D12003269C0 /* Multiply_MVVM+Comcine+TestTrainingTests.xctest */;
			productType = "com.apple.product-type.bundle.unit-test";
		};
		287D090526638D12003269C0 /* Multiply_MVVM+Comcine+TestTrainingUITests */ = {
			isa = PBXNativeTarget;
			buildConfigurationList = 287D091526638D12003269C0 /* Build configuration list for PBXNativeTarget "Multiply_MVVM+Comcine+TestTrainingUITests" */;
			buildPhases = (
				287D090226638D12003269C0 /* Sources */,
				287D090326638D12003269C0 /* Frameworks */,
				287D090426638D12003269C0 /* Resources */,
			);
			buildRules = (
			);
			dependencies = (
				287D090826638D12003269C0 /* PBXTargetDependency */,
			);
			name = "Multiply_MVVM+Comcine+TestTrainingUITests";
			productName = "Multiply_MVVM+Comcine+TestTrainingUITests";
			productReference = 287D090626638D12003269C0 /* Multiply_MVVM+Comcine+TestTrainingUITests.xctest */;
			productType = "com.apple.product-type.bundle.ui-testing";
		};
/* End PBXNativeTarget section */

/* Begin PBXProject section */
		287D08DD26638D11003269C0 /* Project object */ = {
			isa = PBXProject;
			attributes = {
				LastSwiftUpdateCheck = 1250;
				LastUpgradeCheck = 1250;
				TargetAttributes = {
					287D08E426638D11003269C0 = {
						CreatedOnToolsVersion = 12.5;
					};
					287D08FA26638D12003269C0 = {
						CreatedOnToolsVersion = 12.5;
						TestTargetID = 287D08E426638D11003269C0;
					};
					287D090526638D12003269C0 = {
						CreatedOnToolsVersion = 12.5;
						TestTargetID = 287D08E426638D11003269C0;
					};
				};
			};
			buildConfigurationList = 287D08E026638D11003269C0 /* Build configuration list for PBXProject "Multiply_MVVM+Comcine+TestTraining" */;
			compatibilityVersion = "Xcode 9.3";
			developmentRegion = en;
			hasScannedForEncodings = 0;
			knownRegions = (
				en,
				Base,
			);
			mainGroup = 287D08DC26638D11003269C0;
			productRefGroup = 287D08E626638D11003269C0 /* Products */;
			projectDirPath = "";
			projectRoot = "";
			targets = (
				287D08E426638D11003269C0 /* Multiply_MVVM+Comcine+TestTraining */,
				287D08FA26638D12003269C0 /* Multiply_MVVM+Comcine+TestTrainingTests */,
				287D090526638D12003269C0 /* Multiply_MVVM+Comcine+TestTrainingUITests */,
			);
		};
/* End PBXProject section */

/* Begin PBXResourcesBuildPhase section */
		287D08E326638D11003269C0 /* Resources */ = {
			isa = PBXResourcesBuildPhase;
			buildActionMask = 2147483647;
			files = (
				287D08F526638D12003269C0 /* LaunchScreen.storyboard in Resources */,
				287D08F226638D12003269C0 /* Preview Assets.xcassets in Resources */,
				287D08EF26638D12003269C0 /* Assets.xcassets in Resources */,
			);
			runOnlyForDeploymentPostprocessing = 0;
		};
		287D08F926638D12003269C0 /* Resources */ = {
			isa = PBXResourcesBuildPhase;
			buildActionMask = 2147483647;
			files = (
			);
			runOnlyForDeploymentPostprocessing = 0;
		};
		287D090426638D12003269C0 /* Resources */ = {
			isa = PBXResourcesBuildPhase;
			buildActionMask = 2147483647;
			files = (
			);
			runOnlyForDeploymentPostprocessing = 0;
		};
/* End PBXResourcesBuildPhase section */

/* Begin PBXSourcesBuildPhase section */
		287D08E126638D11003269C0 /* Sources */ = {
			isa = PBXSourcesBuildPhase;
			buildActionMask = 2147483647;
			files = (
				287D08E926638D11003269C0 /* AppDelegate.swift in Sources */,
				287D092426638F39003269C0 /* CustomModifire.swift in Sources */,
				287D08EB26638D11003269C0 /* SceneDelegate.swift in Sources */,
				287D091E26638D98003269C0 /* CalculateViewModel.swift in Sources */,
				287D08ED26638D11003269C0 /* ContentView.swift in Sources */,
				287D092026638DA9003269C0 /* CalculateModel.swift in Sources */,
				287D091C26638D81003269C0 /* CalculateView.swift in Sources */,
			);
			runOnlyForDeploymentPostprocessing = 0;
		};
		287D08F726638D12003269C0 /* Sources */ = {
			isa = PBXSourcesBuildPhase;
			buildActionMask = 2147483647;
			files = (
				287D090026638D12003269C0 /* Multiply_MVVM_Comcine_TestTrainingTests.swift in Sources */,
				287D092226638EBD003269C0 /* MultiplyTest.swift in Sources */,
			);
			runOnlyForDeploymentPostprocessing = 0;
		};
		287D090226638D12003269C0 /* Sources */ = {
			isa = PBXSourcesBuildPhase;
			buildActionMask = 2147483647;
			files = (
				287D090B26638D12003269C0 /* Multiply_MVVM_Comcine_TestTrainingUITests.swift in Sources */,
			);
			runOnlyForDeploymentPostprocessing = 0;
		};
/* End PBXSourcesBuildPhase section */

/* Begin PBXTargetDependency section */
		287D08FD26638D12003269C0 /* PBXTargetDependency */ = {
			isa = PBXTargetDependency;
			target = 287D08E426638D11003269C0 /* Multiply_MVVM+Comcine+TestTraining */;
			targetProxy = 287D08FC26638D12003269C0 /* PBXContainerItemProxy */;
		};
		287D090826638D12003269C0 /* PBXTargetDependency */ = {
			isa = PBXTargetDependency;
			target = 287D08E426638D11003269C0 /* Multiply_MVVM+Comcine+TestTraining */;
			targetProxy = 287D090726638D12003269C0 /* PBXContainerItemProxy */;
		};
/* End PBXTargetDependency section */

/* Begin PBXVariantGroup section */
		287D08F326638D12003269C0 /* LaunchScreen.storyboard */ = {
			isa = PBXVariantGroup;
			children = (
				287D08F426638D12003269C0 /* Base */,
			);
			name = LaunchScreen.storyboard;
			sourceTree = "<group>";
		};
/* End PBXVariantGroup section */

/* Begin XCBuildConfiguration section */
		287D090D26638D12003269C0 /* Debug */ = {
			isa = XCBuildConfiguration;
			buildSettings = {
				ALWAYS_SEARCH_USER_PATHS = NO;
				CLANG_ANALYZER_NONNULL = YES;
				CLANG_ANALYZER_NUMBER_OBJECT_CONVERSION = YES_AGGRESSIVE;
				CLANG_CXX_LANGUAGE_STANDARD = "gnu++14";
				CLANG_CXX_LIBRARY = "libc++";
				CLANG_ENABLE_MODULES = YES;
				CLANG_ENABLE_OBJC_ARC = YES;
				CLANG_ENABLE_OBJC_WEAK = YES;
				CLANG_WARN_BLOCK_CAPTURE_AUTORELEASING = YES;
				CLANG_WARN_BOOL_CONVERSION = YES;
				CLANG_WARN_COMMA = YES;
				CLANG_WARN_CONSTANT_CONVERSION = YES;
				CLANG_WARN_DEPRECATED_OBJC_IMPLEMENTATIONS = YES;
				CLANG_WARN_DIRECT_OBJC_ISA_USAGE = YES_ERROR;
				CLANG_WARN_DOCUMENTATION_COMMENTS = YES;
				CLANG_WARN_EMPTY_BODY = YES;
				CLANG_WARN_ENUM_CONVERSION = YES;
				CLANG_WARN_INFINITE_RECURSION = YES;
				CLANG_WARN_INT_CONVERSION = YES;
				CLANG_WARN_NON_LITERAL_NULL_CONVERSION = YES;
				CLANG_WARN_OBJC_IMPLICIT_RETAIN_SELF = YES;
				CLANG_WARN_OBJC_LITERAL_CONVERSION = YES;
				CLANG_WARN_OBJC_ROOT_CLASS = YES_ERROR;
				CLANG_WARN_QUOTED_INCLUDE_IN_FRAMEWORK_HEADER = YES;
				CLANG_WARN_RANGE_LOOP_ANALYSIS = YES;
				CLANG_WARN_STRICT_PROTOTYPES = YES;
				CLANG_WARN_SUSPICIOUS_MOVE = YES;
				CLANG_WARN_UNGUARDED_AVAILABILITY = YES_AGGRESSIVE;
				CLANG_WARN_UNREACHABLE_CODE = YES;
				CLANG_WARN__DUPLICATE_METHOD_MATCH = YES;
				COPY_PHASE_STRIP = NO;
				DEBUG_INFORMATION_FORMAT = dwarf;
				ENABLE_STRICT_OBJC_MSGSEND = YES;
				ENABLE_TESTABILITY = YES;
				GCC_C_LANGUAGE_STANDARD = gnu11;
				GCC_DYNAMIC_NO_PIC = NO;
				GCC_NO_COMMON_BLOCKS = YES;
				GCC_OPTIMIZATION_LEVEL = 0;
				GCC_PREPROCESSOR_DEFINITIONS = (
					"DEBUG=1",
					"$(inherited)",
				);
				GCC_WARN_64_TO_32_BIT_CONVERSION = YES;
				GCC_WARN_ABOUT_RETURN_TYPE = YES_ERROR;
				GCC_WARN_UNDECLARED_SELECTOR = YES;
				GCC_WARN_UNINITIALIZED_AUTOS = YES_AGGRESSIVE;
				GCC_WARN_UNUSED_FUNCTION = YES;
				GCC_WARN_UNUSED_VARIABLE = YES;
				IPHONEOS_DEPLOYMENT_TARGET = 14.5;
				MTL_ENABLE_DEBUG_INFO = INCLUDE_SOURCE;
				MTL_FAST_MATH = YES;
				ONLY_ACTIVE_ARCH = YES;
				SDKROOT = iphoneos;
				SWIFT_ACTIVE_COMPILATION_CONDITIONS = DEBUG;
				SWIFT_OPTIMIZATION_LEVEL = "-Onone";
			};
			name = Debug;
		};
		287D090E26638D12003269C0 /* Release */ = {
			isa = XCBuildConfiguration;
			buildSettings = {
				ALWAYS_SEARCH_USER_PATHS = NO;
				CLANG_ANALYZER_NONNULL = YES;
				CLANG_ANALYZER_NUMBER_OBJECT_CONVERSION = YES_AGGRESSIVE;
				CLANG_CXX_LANGUAGE_STANDARD = "gnu++14";
				CLANG_CXX_LIBRARY = "libc++";
				CLANG_ENABLE_MODULES = YES;
				CLANG_ENABLE_OBJC_ARC = YES;
				CLANG_ENABLE_OBJC_WEAK = YES;
				CLANG_WARN_BLOCK_CAPTURE_AUTORELEASING = YES;
				CLANG_WARN_BOOL_CONVERSION = YES;
				CLANG_WARN_COMMA = YES;
				CLANG_WARN_CONSTANT_CONVERSION = YES;
				CLANG_WARN_DEPRECATED_OBJC_IMPLEMENTATIONS = YES;
				CLANG_WARN_DIRECT_OBJC_ISA_USAGE = YES_ERROR;
				CLANG_WARN_DOCUMENTATION_COMMENTS = YES;
				CLANG_WARN_EMPTY_BODY = YES;
				CLANG_WARN_ENUM_CONVERSION = YES;
				CLANG_WARN_INFINITE_RECURSION = YES;
				CLANG_WARN_INT_CONVERSION = YES;
				CLANG_WARN_NON_LITERAL_NULL_CONVERSION = YES;
				CLANG_WARN_OBJC_IMPLICIT_RETAIN_SELF = YES;
				CLANG_WARN_OBJC_LITERAL_CONVERSION = YES;
				CLANG_WARN_OBJC_ROOT_CLASS = YES_ERROR;
				CLANG_WARN_QUOTED_INCLUDE_IN_FRAMEWORK_HEADER = YES;
				CLANG_WARN_RANGE_LOOP_ANALYSIS = YES;
				CLANG_WARN_STRICT_PROTOTYPES = YES;
				CLANG_WARN_SUSPICIOUS_MOVE = YES;
				CLANG_WARN_UNGUARDED_AVAILABILITY = YES_AGGRESSIVE;
				CLANG_WARN_UNREACHABLE_CODE = YES;
				CLANG_WARN__DUPLICATE_METHOD_MATCH = YES;
				COPY_PHASE_STRIP = NO;
				DEBUG_INFORMATION_FORMAT = "dwarf-with-dsym";
				ENABLE_NS_ASSERTIONS = NO;
				ENABLE_STRICT_OBJC_MSGSEND = YES;
				GCC_C_LANGUAGE_STANDARD = gnu11;
				GCC_NO_COMMON_BLOCKS = YES;
				GCC_WARN_64_TO_32_BIT_CONVERSION = YES;
				GCC_WARN_ABOUT_RETURN_TYPE = YES_ERROR;
				GCC_WARN_UNDECLARED_SELECTOR = YES;
				GCC_WARN_UNINITIALIZED_AUTOS = YES_AGGRESSIVE;
				GCC_WARN_UNUSED_FUNCTION = YES;
				GCC_WARN_UNUSED_VARIABLE = YES;
				IPHONEOS_DEPLOYMENT_TARGET = 14.5;
				MTL_ENABLE_DEBUG_INFO = NO;
				MTL_FAST_MATH = YES;
				SDKROOT = iphoneos;
				SWIFT_COMPILATION_MODE = wholemodule;
				SWIFT_OPTIMIZATION_LEVEL = "-O";
				VALIDATE_PRODUCT = YES;
			};
			name = Release;
		};
		287D091026638D12003269C0 /* Debug */ = {
			isa = XCBuildConfiguration;
			buildSettings = {
				ASSETCATALOG_COMPILER_APPICON_NAME = AppIcon;
				ASSETCATALOG_COMPILER_GLOBAL_ACCENT_COLOR_NAME = AccentColor;
				CODE_SIGN_STYLE = Automatic;
				DEVELOPMENT_ASSET_PATHS = "\"Multiply_MVVM+Comcine+TestTraining/Preview Content\"";
				DEVELOPMENT_TEAM = NKLMM8NS64;
				ENABLE_PREVIEWS = YES;
				INFOPLIST_FILE = "Multiply_MVVM+Comcine+TestTraining/Info.plist";
				LD_RUNPATH_SEARCH_PATHS = (
					"$(inherited)",
					"@executable_path/Frameworks",
				);
				PRODUCT_BUNDLE_IDENTIFIER = "com.gmail.yu.j.0513.Multiply-MVVM-Comcine-TestTraining";
				PRODUCT_NAME = "$(TARGET_NAME)";
				SWIFT_VERSION = 5.0;
				TARGETED_DEVICE_FAMILY = "1,2";
			};
			name = Debug;
		};
		287D091126638D12003269C0 /* Release */ = {
			isa = XCBuildConfiguration;
			buildSettings = {
				ASSETCATALOG_COMPILER_APPICON_NAME = AppIcon;
				ASSETCATALOG_COMPILER_GLOBAL_ACCENT_COLOR_NAME = AccentColor;
				CODE_SIGN_STYLE = Automatic;
				DEVELOPMENT_ASSET_PATHS = "\"Multiply_MVVM+Comcine+TestTraining/Preview Content\"";
				DEVELOPMENT_TEAM = NKLMM8NS64;
				ENABLE_PREVIEWS = YES;
				INFOPLIST_FILE = "Multiply_MVVM+Comcine+TestTraining/Info.plist";
				LD_RUNPATH_SEARCH_PATHS = (
					"$(inherited)",
					"@executable_path/Frameworks",
				);
				PRODUCT_BUNDLE_IDENTIFIER = "com.gmail.yu.j.0513.Multiply-MVVM-Comcine-TestTraining";
				PRODUCT_NAME = "$(TARGET_NAME)";
				SWIFT_VERSION = 5.0;
				TARGETED_DEVICE_FAMILY = "1,2";
			};
			name = Release;
		};
		287D091326638D12003269C0 /* Debug */ = {
			isa = XCBuildConfiguration;
			buildSettings = {
				ALWAYS_EMBED_SWIFT_STANDARD_LIBRARIES = YES;
				BUNDLE_LOADER = "$(TEST_HOST)";
				CODE_SIGN_STYLE = Automatic;
				DEVELOPMENT_TEAM = NKLMM8NS64;
				INFOPLIST_FILE = "Multiply_MVVM+Comcine+TestTrainingTests/Info.plist";
				IPHONEOS_DEPLOYMENT_TARGET = 14.5;
				LD_RUNPATH_SEARCH_PATHS = (
					"$(inherited)",
					"@executable_path/Frameworks",
					"@loader_path/Frameworks",
				);
				PRODUCT_BUNDLE_IDENTIFIER = "com.gmail.yu.j.0513.Multiply-MVVM-Comcine-TestTrainingTests";
				PRODUCT_NAME = "$(TARGET_NAME)";
				SWIFT_VERSION = 5.0;
				TARGETED_DEVICE_FAMILY = "1,2";
				TEST_HOST = "$(BUILT_PRODUCTS_DIR)/Multiply_MVVM+Comcine+TestTraining.app/Multiply_MVVM+Comcine+TestTraining";
			};
			name = Debug;
		};
		287D091426638D12003269C0 /* Release */ = {
			isa = XCBuildConfiguration;
			buildSettings = {
				ALWAYS_EMBED_SWIFT_STANDARD_LIBRARIES = YES;
				BUNDLE_LOADER = "$(TEST_HOST)";
				CODE_SIGN_STYLE = Automatic;
				DEVELOPMENT_TEAM = NKLMM8NS64;
				INFOPLIST_FILE = "Multiply_MVVM+Comcine+TestTrainingTests/Info.plist";
				IPHONEOS_DEPLOYMENT_TARGET = 14.5;
				LD_RUNPATH_SEARCH_PATHS = (
					"$(inherited)",
					"@executable_path/Frameworks",
					"@loader_path/Frameworks",
				);
				PRODUCT_BUNDLE_IDENTIFIER = "com.gmail.yu.j.0513.Multiply-MVVM-Comcine-TestTrainingTests";
				PRODUCT_NAME = "$(TARGET_NAME)";
				SWIFT_VERSION = 5.0;
				TARGETED_DEVICE_FAMILY = "1,2";
				TEST_HOST = "$(BUILT_PRODUCTS_DIR)/Multiply_MVVM+Comcine+TestTraining.app/Multiply_MVVM+Comcine+TestTraining";
			};
			name = Release;
		};
		287D091626638D12003269C0 /* Debug */ = {
			isa = XCBuildConfiguration;
			buildSettings = {
				ALWAYS_EMBED_SWIFT_STANDARD_LIBRARIES = YES;
				CODE_SIGN_STYLE = Automatic;
				DEVELOPMENT_TEAM = NKLMM8NS64;
				INFOPLIST_FILE = "Multiply_MVVM+Comcine+TestTrainingUITests/Info.plist";
				LD_RUNPATH_SEARCH_PATHS = (
					"$(inherited)",
					"@executable_path/Frameworks",
					"@loader_path/Frameworks",
				);
				PRODUCT_BUNDLE_IDENTIFIER = "com.gmail.yu.j.0513.Multiply-MVVM-Comcine-TestTrainingUITests";
				PRODUCT_NAME = "$(TARGET_NAME)";
				SWIFT_VERSION = 5.0;
				TARGETED_DEVICE_FAMILY = "1,2";
				TEST_TARGET_NAME = "Multiply_MVVM+Comcine+TestTraining";
			};
			name = Debug;
		};
		287D091726638D12003269C0 /* Release */ = {
			isa = XCBuildConfiguration;
			buildSettings = {
				ALWAYS_EMBED_SWIFT_STANDARD_LIBRARIES = YES;
				CODE_SIGN_STYLE = Automatic;
				DEVELOPMENT_TEAM = NKLMM8NS64;
				INFOPLIST_FILE = "Multiply_MVVM+Comcine+TestTrainingUITests/Info.plist";
				LD_RUNPATH_SEARCH_PATHS = (
					"$(inherited)",
					"@executable_path/Frameworks",
					"@loader_path/Frameworks",
				);
				PRODUCT_BUNDLE_IDENTIFIER = "com.gmail.yu.j.0513.Multiply-MVVM-Comcine-TestTrainingUITests";
				PRODUCT_NAME = "$(TARGET_NAME)";
				SWIFT_VERSION = 5.0;
				TARGETED_DEVICE_FAMILY = "1,2";
				TEST_TARGET_NAME = "Multiply_MVVM+Comcine+TestTraining";
			};
			name = Release;
		};
/* End XCBuildConfiguration section */

/* Begin XCConfigurationList section */
		287D08E026638D11003269C0 /* Build configuration list for PBXProject "Multiply_MVVM+Comcine+TestTraining" */ = {
			isa = XCConfigurationList;
			buildConfigurations = (
				287D090D26638D12003269C0 /* Debug */,
				287D090E26638D12003269C0 /* Release */,
			);
			defaultConfigurationIsVisible = 0;
			defaultConfigurationName = Release;
		};
		287D090F26638D12003269C0 /* Build configuration list for PBXNativeTarget "Multiply_MVVM+Comcine+TestTraining" */ = {
			isa = XCConfigurationList;
			buildConfigurations = (
				287D091026638D12003269C0 /* Debug */,
				287D091126638D12003269C0 /* Release */,
			);
			defaultConfigurationIsVisible = 0;
			defaultConfigurationName = Release;
		};
		287D091226638D12003269C0 /* Build configuration list for PBXNativeTarget "Multiply_MVVM+Comcine+TestTrainingTests" */ = {
			isa = XCConfigurationList;
			buildConfigurations = (
				287D091326638D12003269C0 /* Debug */,
				287D091426638D12003269C0 /* Release */,
			);
			defaultConfigurationIsVisible = 0;
			defaultConfigurationName = Release;
		};
		287D091526638D12003269C0 /* Build configuration list for PBXNativeTarget "Multiply_MVVM+Comcine+TestTrainingUITests" */ = {
			isa = XCConfigurationList;
			buildConfigurations = (
				287D091626638D12003269C0 /* Debug */,
				287D091726638D12003269C0 /* Release */,
			);
			defaultConfigurationIsVisible = 0;
			defaultConfigurationName = Release;
		};
/* End XCConfigurationList section */
	};
	rootObject = 287D08DD26638D11003269C0 /* Project object */;
}
